
Microsoft Visual Studio Solution File, Format Version 12.00
# Visual Studio Version 17
VisualStudioVersion = 17.6.33815.320
MinimumVisualStudioVersion = 10.0.40219.1
Project("{9A19103F-16F7-4668-BE54-9A1E7A4F7556}") = "Gas.WebApi", "Gas.WebApi\Gas.WebApi.csproj", "{F34671CE-EEE6-4FAD-8C48-D2AC95C00DE3}"
EndProject
Project("{9A19103F-16F7-4668-BE54-9A1E7A4F7556}") = "Gas.DB", "Gas.DB\Gas.DB.csproj", "{9BB83DE6-5915-4C52-907F-075D3A52F535}"
EndProject
Project("{FAE04EC0-301F-11D3-BF4B-00C04F79EFBC}") = "Gas.Core", "Gas.Core\Gas.Core.csproj", "{5ECDB0EF-4EBA-460D-88A0-9FA54F695434}"
EndProject
Global
	GlobalSection(SolutionConfigurationPlatforms) = preSolution
		Debug|Any CPU = Debug|Any CPU
		Release|Any CPU = Release|Any CPU
	EndGlobalSection
	GlobalSection(ProjectConfigurationPlatforms) = postSolution
		{F34671CE-EEE6-4FAD-8C48-D2AC95C00DE3}.Debug|Any CPU.ActiveCfg = Debug|Any CPU
		{F34671CE-EEE6-4FAD-8C48-D2AC95C00DE3}.Debug|Any CPU.Build.0 = Debug|Any CPU
		{F34671CE-EEE6-4FAD-8C48-D2AC95C00DE3}.Release|Any CPU.ActiveCfg = Release|Any CPU
		{F34671CE-EEE6-4FAD-8C48-D2AC95C00DE3}.Release|Any CPU.Build.0 = Release|Any CPU
		{9BB83DE6-5915-4C52-907F-075D3A52F535}.Debug|Any CPU.ActiveCfg = Debug|Any CPU
		{9BB83DE6-5915-4C52-907F-075D3A52F535}.Debug|Any CPU.Build.0 = Debug|Any CPU
		{9BB83DE6-5915-4C52-907F-075D3A52F535}.Release|Any CPU.ActiveCfg = Release|Any CPU
		{9BB83DE6-5915-4C52-907F-075D3A52F535}.Release|Any CPU.Build.0 = Release|Any CPU
		{5ECDB0EF-4EBA-460D-88A0-9FA54F695434}.Debug|Any CPU.ActiveCfg = Debug|Any CPU
		{5ECDB0EF-4EBA-460D-88A0-9FA54F695434}.Debug|Any CPU.Build.0 = Debug|Any CPU
		{5ECDB0EF-4EBA-460D-88A0-9FA54F695434}.Release|Any CPU.ActiveCfg = Release|Any CPU
		{5ECDB0EF-4EBA-460D-88A0-9FA54F695434}.Release|Any CPU.Build.0 = Release|Any CPU
	EndGlobalSection
	GlobalSection(SolutionProperties) = preSolution
		HideSolutionNode = FALSE
	EndGlobalSection
	GlobalSection(ExtensibilityGlobals) = postSolution
		SolutionGuid = {168751BB-7BAB-4097-B3D4-E354D23E932E}
	EndGlobalSection
EndGlobal
